// !$*UTF8*$!
{
	archiveVersion = 1;
	classes = {
	};
	objectVersion = 56;
	objects = {

/* Begin PBXBuildFile section */
		12536AF6298FB28A00BE9579 /* AppDelegate.swift in Sources */ = {isa = PBXBuildFile; fileRef = 12536AF5298FB28A00BE9579 /* AppDelegate.swift */; };
		12536AF8298FB28A00BE9579 /* SceneDelegate.swift in Sources */ = {isa = PBXBuildFile; fileRef = 12536AF7298FB28A00BE9579 /* SceneDelegate.swift */; };
		12536AFD298FB28A00BE9579 /* Main.storyboard in Resources */ = {isa = PBXBuildFile; fileRef = 12536AFB298FB28A00BE9579 /* Main.storyboard */; };
		12536AFF298FB28E00BE9579 /* Assets.xcassets in Resources */ = {isa = PBXBuildFile; fileRef = 12536AFE298FB28E00BE9579 /* Assets.xcassets */; };
		12536B02298FB28E00BE9579 /* LaunchScreen.storyboard in Resources */ = {isa = PBXBuildFile; fileRef = 12536B00298FB28E00BE9579 /* LaunchScreen.storyboard */; };
		12536B0F29918DF300BE9579 /* MatchesTVC.swift in Sources */ = {isa = PBXBuildFile; fileRef = 12536B0E29918DF300BE9579 /* MatchesTVC.swift */; };
		12536B1429918FDC00BE9579 /* Team.swift in Sources */ = {isa = PBXBuildFile; fileRef = 12536B1329918FDC00BE9579 /* Team.swift */; };
		12536B162991926700BE9579 /* Match.swift in Sources */ = {isa = PBXBuildFile; fileRef = 12536B152991926700BE9579 /* Match.swift */; };
		12536B18299193B900BE9579 /* Score.swift in Sources */ = {isa = PBXBuildFile; fileRef = 12536B17299193B900BE9579 /* Score.swift */; };
		125C164329B535330026143B /* Lottie in Frameworks */ = {isa = PBXBuildFile; productRef = 125C164229B535330026143B /* Lottie */; };
		125C164529B53E3F0026143B /* progressBar.json in Resources */ = {isa = PBXBuildFile; fileRef = 125C164429B53E3F0026143B /* progressBar.json */; };
		125C164729B53EB80026143B /* 90617-horizontal-progress-bar.json in Resources */ = {isa = PBXBuildFile; fileRef = 125C164629B53EB80026143B /* 90617-horizontal-progress-bar.json */; };
		12CAF85529B6A2A00020C753 /* TasksTVC.swift in Sources */ = {isa = PBXBuildFile; fileRef = 12CAF84E29B6A29F0020C753 /* TasksTVC.swift */; };
		12CAF85629B6A2A00020C753 /* LoginViewController.swift in Sources */ = {isa = PBXBuildFile; fileRef = 12CAF84F29B6A29F0020C753 /* LoginViewController.swift */; };
		12CAF85729B6A2A00020C753 /* TaskModel.swift in Sources */ = {isa = PBXBuildFile; fileRef = 12CAF85129B6A2A00020C753 /* TaskModel.swift */; };
		12CAF85829B6A2A00020C753 /* UserModel.swift in Sources */ = {isa = PBXBuildFile; fileRef = 12CAF85229B6A2A00020C753 /* UserModel.swift */; };
		12CAF87429B6B0DB0020C753 /* AccountVC.swift in Sources */ = {isa = PBXBuildFile; fileRef = 12CAF87329B6B0DB0020C753 /* AccountVC.swift */; };
		12DE572D29AF27AB00A6330B /* APIManager.swift in Sources */ = {isa = PBXBuildFile; fileRef = 12DE572C29AF27AB00A6330B /* APIManager.swift */; };
		12DE573429AF3E8E00A6330B /* SwiftyJSON in Frameworks */ = {isa = PBXBuildFile; productRef = 12DE573329AF3E8E00A6330B /* SwiftyJSON */; };
		12DE574729B12F6B00A6330B /* MatchesCell.swift in Sources */ = {isa = PBXBuildFile; fileRef = 12DE574629B12F6B00A6330B /* MatchesCell.swift */; };
/* End PBXBuildFile section */

/* Begin PBXFileReference section */
		12536AF2298FB28A00BE9579 /* FutStats.app */ = {isa = PBXFileReference; explicitFileType = wrapper.application; includeInIndex = 0; path = FutStats.app; sourceTree = BUILT_PRODUCTS_DIR; };
		12536AF5298FB28A00BE9579 /* AppDelegate.swift */ = {isa = PBXFileReference; lastKnownFileType = sourcecode.swift; path = AppDelegate.swift; sourceTree = "<group>"; };
		12536AF7298FB28A00BE9579 /* SceneDelegate.swift */ = {isa = PBXFileReference; lastKnownFileType = sourcecode.swift; path = SceneDelegate.swift; sourceTree = "<group>"; };
		12536AFC298FB28A00BE9579 /* Base */ = {isa = PBXFileReference; lastKnownFileType = file.storyboard; name = Base; path = Base.lproj/Main.storyboard; sourceTree = "<group>"; };
		12536AFE298FB28E00BE9579 /* Assets.xcassets */ = {isa = PBXFileReference; lastKnownFileType = folder.assetcatalog; path = Assets.xcassets; sourceTree = "<group>"; };
		12536B01298FB28E00BE9579 /* Base */ = {isa = PBXFileReference; lastKnownFileType = file.storyboard; name = Base; path = Base.lproj/LaunchScreen.storyboard; sourceTree = "<group>"; };
		12536B03298FB28E00BE9579 /* Info.plist */ = {isa = PBXFileReference; lastKnownFileType = text.plist.xml; path = Info.plist; sourceTree = "<group>"; };
		12536B0E29918DF300BE9579 /* MatchesTVC.swift */ = {isa = PBXFileReference; lastKnownFileType = sourcecode.swift; path = MatchesTVC.swift; sourceTree = "<group>"; };
		12536B1329918FDC00BE9579 /* Team.swift */ = {isa = PBXFileReference; lastKnownFileType = sourcecode.swift; path = Team.swift; sourceTree = "<group>"; };
		12536B152991926700BE9579 /* Match.swift */ = {isa = PBXFileReference; lastKnownFileType = sourcecode.swift; path = Match.swift; sourceTree = "<group>"; };
		12536B17299193B900BE9579 /* Score.swift */ = {isa = PBXFileReference; lastKnownFileType = sourcecode.swift; path = Score.swift; sourceTree = "<group>"; };
		125C164429B53E3F0026143B /* progressBar.json */ = {isa = PBXFileReference; fileEncoding = 4; lastKnownFileType = text.json; path = progressBar.json; sourceTree = "<group>"; };
		125C164629B53EB80026143B /* 90617-horizontal-progress-bar.json */ = {isa = PBXFileReference; fileEncoding = 4; lastKnownFileType = text.json; path = "90617-horizontal-progress-bar.json"; sourceTree = "<group>"; };
		12CAF84E29B6A29F0020C753 /* TasksTVC.swift */ = {isa = PBXFileReference; fileEncoding = 4; lastKnownFileType = sourcecode.swift; path = TasksTVC.swift; sourceTree = "<group>"; };
		12CAF84F29B6A29F0020C753 /* LoginViewController.swift */ = {isa = PBXFileReference; fileEncoding = 4; lastKnownFileType = sourcecode.swift; path = LoginViewController.swift; sourceTree = "<group>"; };
		12CAF85129B6A2A00020C753 /* TaskModel.swift */ = {isa = PBXFileReference; fileEncoding = 4; lastKnownFileType = sourcecode.swift; path = TaskModel.swift; sourceTree = "<group>"; };
		12CAF85229B6A2A00020C753 /* UserModel.swift */ = {isa = PBXFileReference; fileEncoding = 4; lastKnownFileType = sourcecode.swift; path = UserModel.swift; sourceTree = "<group>"; };
		12CAF87329B6B0DB0020C753 /* AccountVC.swift */ = {isa = PBXFileReference; lastKnownFileType = sourcecode.swift; path = AccountVC.swift; sourceTree = "<group>"; };
		12DE572C29AF27AB00A6330B /* APIManager.swift */ = {isa = PBXFileReference; lastKnownFileType = sourcecode.swift; path = APIManager.swift; sourceTree = "<group>"; };
		12DE574629B12F6B00A6330B /* MatchesCell.swift */ = {isa = PBXFileReference; lastKnownFileType = sourcecode.swift; path = MatchesCell.swift; sourceTree = "<group>"; };
/* End PBXFileReference section */

/* Begin PBXFrameworksBuildPhase section */
		12536AEF298FB28A00BE9579 /* Frameworks */ = {
			isa = PBXFrameworksBuildPhase;
			buildActionMask = 2147483647;
			files = (
				12DE573429AF3E8E00A6330B /* SwiftyJSON in Frameworks */,
				125C164329B535330026143B /* Lottie in Frameworks */,
			);
			runOnlyForDeploymentPostprocessing = 0;
		};
/* End PBXFrameworksBuildPhase section */

/* Begin PBXGroup section */
		12536AE9298FB28900BE9579 = {
			isa = PBXGroup;
			children = (
				12536AF4298FB28A00BE9579 /* FutStats */,
				12536AF3298FB28A00BE9579 /* Products */,
			);
			sourceTree = "<group>";
		};
		12536AF3298FB28A00BE9579 /* Products */ = {
			isa = PBXGroup;
			children = (
				12536AF2298FB28A00BE9579 /* FutStats.app */,
			);
			name = Products;
			sourceTree = "<group>";
		};
		12536AF4298FB28A00BE9579 /* FutStats */ = {
			isa = PBXGroup;
			children = (
				12CAF84729B6A2290020C753 /* Sign in */,
				12536AFB298FB28A00BE9579 /* Main.storyboard */,
				12536B0A29918C7C00BE9579 /* Main Section Flow */,
				12536B0B29918CCE00BE9579 /* Matches Section Flow */,
				12536B0C29918CE100BE9579 /* Search Section Flow */,
				12536B0D29918CF100BE9579 /* Account Section Flow */,
				12536B00298FB28E00BE9579 /* LaunchScreen.storyboard */,
				12536B09299146E100BE9579 /* AppDelegates */,
				12536AFE298FB28E00BE9579 /* Assets.xcassets */,
				125C164629B53EB80026143B /* 90617-horizontal-progress-bar.json */,
				125C164429B53E3F0026143B /* progressBar.json */,
				12536B03298FB28E00BE9579 /* Info.plist */,
			);
			path = FutStats;
			sourceTree = "<group>";
		};
		12536B09299146E100BE9579 /* AppDelegates */ = {
			isa = PBXGroup;
			children = (
				12536AF5298FB28A00BE9579 /* AppDelegate.swift */,
				12536AF7298FB28A00BE9579 /* SceneDelegate.swift */,
			);
			path = AppDelegates;
			sourceTree = "<group>";
		};
		12536B0A29918C7C00BE9579 /* Main Section Flow */ = {
			isa = PBXGroup;
			children = (
			);
			path = "Main Section Flow";
			sourceTree = "<group>";
		};
		12536B0B29918CCE00BE9579 /* Matches Section Flow */ = {
			isa = PBXGroup;
			children = (
				12DE572E29AF27AF00A6330B /* Managers */,
				12536B1029918DFD00BE9579 /* Models */,
				12536B1129918E0F00BE9579 /* Views */,
				12536B1229918E1700BE9579 /* Controllers */,
			);
			path = "Matches Section Flow";
			sourceTree = "<group>";
		};
		12536B0C29918CE100BE9579 /* Search Section Flow */ = {
			isa = PBXGroup;
			children = (
			);
			path = "Search Section Flow";
			sourceTree = "<group>";
		};
		12536B0D29918CF100BE9579 /* Account Section Flow */ = {
			isa = PBXGroup;
			children = (
				12CAF87329B6B0DB0020C753 /* AccountVC.swift */,
			);
			path = "Account Section Flow";
			sourceTree = "<group>";
		};
		12536B1029918DFD00BE9579 /* Models */ = {
			isa = PBXGroup;
			children = (
				12536B152991926700BE9579 /* Match.swift */,
				12536B1329918FDC00BE9579 /* Team.swift */,
				12536B17299193B900BE9579 /* Score.swift */,
			);
			path = Models;
			sourceTree = "<group>";
		};
		12536B1129918E0F00BE9579 /* Views */ = {
			isa = PBXGroup;
			children = (
			);
			path = Views;
			sourceTree = "<group>";
		};
		12536B1229918E1700BE9579 /* Controllers */ = {
			isa = PBXGroup;
			children = (
				12536B0E29918DF300BE9579 /* MatchesTVC.swift */,
				12DE574629B12F6B00A6330B /* MatchesCell.swift */,
			);
			path = Controllers;
			sourceTree = "<group>";
		};
		12CAF84729B6A2290020C753 /* Sign in */ = {
			isa = PBXGroup;
			children = (
				12CAF85029B6A2A00020C753 /* Models */,
				12CAF84D29B6A29F0020C753 /* Controllers */,
			);
			path = "Sign in";
			sourceTree = "<group>";
		};
		12CAF84D29B6A29F0020C753 /* Controllers */ = {
			isa = PBXGroup;
			children = (
				12CAF84E29B6A29F0020C753 /* TasksTVC.swift */,
				12CAF84F29B6A29F0020C753 /* LoginViewController.swift */,
			);
			path = Controllers;
			sourceTree = "<group>";
		};
		12CAF85029B6A2A00020C753 /* Models */ = {
			isa = PBXGroup;
			children = (
				12CAF85129B6A2A00020C753 /* TaskModel.swift */,
				12CAF85229B6A2A00020C753 /* UserModel.swift */,
			);
			path = Models;
			sourceTree = "<group>";
		};
		12DE572E29AF27AF00A6330B /* Managers */ = {
			isa = PBXGroup;
			children = (
				12DE572C29AF27AB00A6330B /* APIManager.swift */,
			);
			path = Managers;
			sourceTree = "<group>";
		};
/* End PBXGroup section */

/* Begin PBXNativeTarget section */
		12536AF1298FB28A00BE9579 /* FutStats */ = {
			isa = PBXNativeTarget;
			buildConfigurationList = 12536B06298FB28E00BE9579 /* Build configuration list for PBXNativeTarget "FutStats" */;
			buildPhases = (
				12536AEE298FB28A00BE9579 /* Sources */,
				12536AEF298FB28A00BE9579 /* Frameworks */,
				12536AF0298FB28A00BE9579 /* Resources */,
			);
			buildRules = (
			);
			dependencies = (
			);
			name = FutStats;
			packageProductDependencies = (
				12DE573329AF3E8E00A6330B /* SwiftyJSON */,
				125C164229B535330026143B /* Lottie */,
			);
			productName = FutStats;
			productReference = 12536AF2298FB28A00BE9579 /* FutStats.app */;
			productType = "com.apple.product-type.application";
		};
/* End PBXNativeTarget section */

/* Begin PBXProject section */
		12536AEA298FB28A00BE9579 /* Project object */ = {
			isa = PBXProject;
			attributes = {
				BuildIndependentTargetsInParallel = 1;
				LastSwiftUpdateCheck = 1420;
				LastUpgradeCheck = 1420;
				TargetAttributes = {
					12536AF1298FB28A00BE9579 = {
						CreatedOnToolsVersion = 14.2;
					};
				};
			};
			buildConfigurationList = 12536AED298FB28A00BE9579 /* Build configuration list for PBXProject "FutStats" */;
			compatibilityVersion = "Xcode 14.0";
			developmentRegion = en;
			hasScannedForEncodings = 0;
			knownRegions = (
				en,
				Base,
			);
			mainGroup = 12536AE9298FB28900BE9579;
			packageReferences = (
				12DE573229AF3E8E00A6330B /* XCRemoteSwiftPackageReference "SwiftyJSON" */,
				125C164129B535330026143B /* XCRemoteSwiftPackageReference "lottie-spm" */,
			);
			productRefGroup = 12536AF3298FB28A00BE9579 /* Products */;
			projectDirPath = "";
			projectRoot = "";
			targets = (
				12536AF1298FB28A00BE9579 /* FutStats */,
			);
		};
/* End PBXProject section */

/* Begin PBXResourcesBuildPhase section */
		12536AF0298FB28A00BE9579 /* Resources */ = {
			isa = PBXResourcesBuildPhase;
			buildActionMask = 2147483647;
			files = (
				125C164729B53EB80026143B /* 90617-horizontal-progress-bar.json in Resources */,
				125C164529B53E3F0026143B /* progressBar.json in Resources */,
				12536B02298FB28E00BE9579 /* LaunchScreen.storyboard in Resources */,
				12536AFF298FB28E00BE9579 /* Assets.xcassets in Resources */,
				12536AFD298FB28A00BE9579 /* Main.storyboard in Resources */,
			);
			runOnlyForDeploymentPostprocessing = 0;
		};
/* End PBXResourcesBuildPhase section */

/* Begin PBXSourcesBuildPhase section */
		12536AEE298FB28A00BE9579 /* Sources */ = {
			isa = PBXSourcesBuildPhase;
			buildActionMask = 2147483647;
			files = (
				12CAF85629B6A2A00020C753 /* LoginViewController.swift in Sources */,
				12536B1429918FDC00BE9579 /* Team.swift in Sources */,
				12DE574729B12F6B00A6330B /* MatchesCell.swift in Sources */,
				12536B0F29918DF300BE9579 /* MatchesTVC.swift in Sources */,
				12CAF85729B6A2A00020C753 /* TaskModel.swift in Sources */,
				12536AF6298FB28A00BE9579 /* AppDelegate.swift in Sources */,
				12536B162991926700BE9579 /* Match.swift in Sources */,
				12CAF87429B6B0DB0020C753 /* AccountVC.swift in Sources */,
				12536B18299193B900BE9579 /* Score.swift in Sources */,
				12536AF8298FB28A00BE9579 /* SceneDelegate.swift in Sources */,
				12DE572D29AF27AB00A6330B /* APIManager.swift in Sources */,
				12CAF85829B6A2A00020C753 /* UserModel.swift in Sources */,
				12CAF85529B6A2A00020C753 /* TasksTVC.swift in Sources */,
			);
			runOnlyForDeploymentPostprocessing = 0;
		};
/* End PBXSourcesBuildPhase section */

/* Begin PBXVariantGroup section */
		12536AFB298FB28A00BE9579 /* Main.storyboard */ = {
			isa = PBXVariantGroup;
			children = (
				12536AFC298FB28A00BE9579 /* Base */,
			);
			name = Main.storyboard;
			sourceTree = "<group>";
		};
		12536B00298FB28E00BE9579 /* LaunchScreen.storyboard */ = {
			isa = PBXVariantGroup;
			children = (
				12536B01298FB28E00BE9579 /* Base */,
			);
			name = LaunchScreen.storyboard;
			sourceTree = "<group>";
		};
/* End PBXVariantGroup section */

/* Begin XCBuildConfiguration section */
		12536B04298FB28E00BE9579 /* Debug */ = {
			isa = XCBuildConfiguration;
			buildSettings = {
				ALWAYS_SEARCH_USER_PATHS = NO;
				CLANG_ANALYZER_NONNULL = YES;
				CLANG_ANALYZER_NUMBER_OBJECT_CONVERSION = YES_AGGRESSIVE;
				CLANG_CXX_LANGUAGE_STANDARD = "gnu++20";
				CLANG_ENABLE_MODULES = YES;
				CLANG_ENABLE_OBJC_ARC = YES;
				CLANG_ENABLE_OBJC_WEAK = YES;
				CLANG_WARN_BLOCK_CAPTURE_AUTORELEASING = YES;
				CLANG_WARN_BOOL_CONVERSION = YES;
				CLANG_WARN_COMMA = YES;
				CLANG_WARN_CONSTANT_CONVERSION = YES;
				CLANG_WARN_DEPRECATED_OBJC_IMPLEMENTATIONS = YES;
				CLANG_WARN_DIRECT_OBJC_ISA_USAGE = YES_ERROR;
				CLANG_WARN_DOCUMENTATION_COMMENTS = YES;
				CLANG_WARN_EMPTY_BODY = YES;
				CLANG_WARN_ENUM_CONVERSION = YES;
				CLANG_WARN_INFINITE_RECURSION = YES;
				CLANG_WARN_INT_CONVERSION = YES;
				CLANG_WARN_NON_LITERAL_NULL_CONVERSION = YES;
				CLANG_WARN_OBJC_IMPLICIT_RETAIN_SELF = YES;
				CLANG_WARN_OBJC_LITERAL_CONVERSION = YES;
				CLANG_WARN_OBJC_ROOT_CLASS = YES_ERROR;
				CLANG_WARN_QUOTED_INCLUDE_IN_FRAMEWORK_HEADER = YES;
				CLANG_WARN_RANGE_LOOP_ANALYSIS = YES;
				CLANG_WARN_STRICT_PROTOTYPES = YES;
				CLANG_WARN_SUSPICIOUS_MOVE = YES;
				CLANG_WARN_UNGUARDED_AVAILABILITY = YES_AGGRESSIVE;
				CLANG_WARN_UNREACHABLE_CODE = YES;
				CLANG_WARN__DUPLICATE_METHOD_MATCH = YES;
				COPY_PHASE_STRIP = NO;
				DEBUG_INFORMATION_FORMAT = dwarf;
				ENABLE_STRICT_OBJC_MSGSEND = YES;
				ENABLE_TESTABILITY = YES;
				GCC_C_LANGUAGE_STANDARD = gnu11;
				GCC_DYNAMIC_NO_PIC = NO;
				GCC_NO_COMMON_BLOCKS = YES;
				GCC_OPTIMIZATION_LEVEL = 0;
				GCC_PREPROCESSOR_DEFINITIONS = (
					"DEBUG=1",
					"$(inherited)",
				);
				GCC_WARN_64_TO_32_BIT_CONVERSION = YES;
				GCC_WARN_ABOUT_RETURN_TYPE = YES_ERROR;
				GCC_WARN_UNDECLARED_SELECTOR = YES;
				GCC_WARN_UNINITIALIZED_AUTOS = YES_AGGRESSIVE;
				GCC_WARN_UNUSED_FUNCTION = YES;
				GCC_WARN_UNUSED_VARIABLE = YES;
				IPHONEOS_DEPLOYMENT_TARGET = 16.2;
				MTL_ENABLE_DEBUG_INFO = INCLUDE_SOURCE;
				MTL_FAST_MATH = YES;
				ONLY_ACTIVE_ARCH = YES;
				SDKROOT = iphoneos;
				SWIFT_ACTIVE_COMPILATION_CONDITIONS = DEBUG;
				SWIFT_OPTIMIZATION_LEVEL = "-Onone";
			};
			name = Debug;
		};
		12536B05298FB28E00BE9579 /* Release */ = {
			isa = XCBuildConfiguration;
			buildSettings = {
				ALWAYS_SEARCH_USER_PATHS = NO;
				CLANG_ANALYZER_NONNULL = YES;
				CLANG_ANALYZER_NUMBER_OBJECT_CONVERSION = YES_AGGRESSIVE;
				CLANG_CXX_LANGUAGE_STANDARD = "gnu++20";
				CLANG_ENABLE_MODULES = YES;
				CLANG_ENABLE_OBJC_ARC = YES;
				CLANG_ENABLE_OBJC_WEAK = YES;
				CLANG_WARN_BLOCK_CAPTURE_AUTORELEASING = YES;
				CLANG_WARN_BOOL_CONVERSION = YES;
				CLANG_WARN_COMMA = YES;
				CLANG_WARN_CONSTANT_CONVERSION = YES;
				CLANG_WARN_DEPRECATED_OBJC_IMPLEMENTATIONS = YES;
				CLANG_WARN_DIRECT_OBJC_ISA_USAGE = YES_ERROR;
				CLANG_WARN_DOCUMENTATION_COMMENTS = YES;
				CLANG_WARN_EMPTY_BODY = YES;
				CLANG_WARN_ENUM_CONVERSION = YES;
				CLANG_WARN_INFINITE_RECURSION = YES;
				CLANG_WARN_INT_CONVERSION = YES;
				CLANG_WARN_NON_LITERAL_NULL_CONVERSION = YES;
				CLANG_WARN_OBJC_IMPLICIT_RETAIN_SELF = YES;
				CLANG_WARN_OBJC_LITERAL_CONVERSION = YES;
				CLANG_WARN_OBJC_ROOT_CLASS = YES_ERROR;
				CLANG_WARN_QUOTED_INCLUDE_IN_FRAMEWORK_HEADER = YES;
				CLANG_WARN_RANGE_LOOP_ANALYSIS = YES;
				CLANG_WARN_STRICT_PROTOTYPES = YES;
				CLANG_WARN_SUSPICIOUS_MOVE = YES;
				CLANG_WARN_UNGUARDED_AVAILABILITY = YES_AGGRESSIVE;
				CLANG_WARN_UNREACHABLE_CODE = YES;
				CLANG_WARN__DUPLICATE_METHOD_MATCH = YES;
				COPY_PHASE_STRIP = NO;
				DEBUG_INFORMATION_FORMAT = "dwarf-with-dsym";
				ENABLE_NS_ASSERTIONS = NO;
				ENABLE_STRICT_OBJC_MSGSEND = YES;
				GCC_C_LANGUAGE_STANDARD = gnu11;
				GCC_NO_COMMON_BLOCKS = YES;
				GCC_WARN_64_TO_32_BIT_CONVERSION = YES;
				GCC_WARN_ABOUT_RETURN_TYPE = YES_ERROR;
				GCC_WARN_UNDECLARED_SELECTOR = YES;
				GCC_WARN_UNINITIALIZED_AUTOS = YES_AGGRESSIVE;
				GCC_WARN_UNUSED_FUNCTION = YES;
				GCC_WARN_UNUSED_VARIABLE = YES;
				IPHONEOS_DEPLOYMENT_TARGET = 16.2;
				MTL_ENABLE_DEBUG_INFO = NO;
				MTL_FAST_MATH = YES;
				SDKROOT = iphoneos;
				SWIFT_COMPILATION_MODE = wholemodule;
				SWIFT_OPTIMIZATION_LEVEL = "-O";
				VALIDATE_PRODUCT = YES;
			};
			name = Release;
		};
		12536B07298FB28E00BE9579 /* Debug */ = {
			isa = XCBuildConfiguration;
			buildSettings = {
				ASSETCATALOG_COMPILER_APPICON_NAME = AppIcon;
				ASSETCATALOG_COMPILER_GLOBAL_ACCENT_COLOR_NAME = AccentColor;
				CODE_SIGN_STYLE = Automatic;
				CURRENT_PROJECT_VERSION = 1;
				DEVELOPMENT_TEAM = CCCW4AN62Y;
				GENERATE_INFOPLIST_FILE = YES;
				INFOPLIST_FILE = FutStats/Info.plist;
				INFOPLIST_KEY_UIApplicationSupportsIndirectInputEvents = YES;
				INFOPLIST_KEY_UILaunchStoryboardName = LaunchScreen;
				INFOPLIST_KEY_UIMainStoryboardFile = Main;
				INFOPLIST_KEY_UISupportedInterfaceOrientations_iPad = "UIInterfaceOrientationPortrait UIInterfaceOrientationPortraitUpsideDown UIInterfaceOrientationLandscapeLeft UIInterfaceOrientationLandscapeRight";
				INFOPLIST_KEY_UISupportedInterfaceOrientations_iPhone = "UIInterfaceOrientationPortrait UIInterfaceOrientationLandscapeLeft UIInterfaceOrientationLandscapeRight";
				LD_RUNPATH_SEARCH_PATHS = (
					"$(inherited)",
					"@executable_path/Frameworks",
				);
				MARKETING_VERSION = 1.0;
				PRODUCT_BUNDLE_IDENTIFIER = com.halai.FutStats;
				PRODUCT_NAME = "$(TARGET_NAME)";
				SWIFT_EMIT_LOC_STRINGS = YES;
				SWIFT_VERSION = 5.0;
				TARGETED_DEVICE_FAMILY = "1,2";
			};
			name = Debug;
		};
		12536B08298FB28E00BE9579 /* Release */ = {
			isa = XCBuildConfiguration;
			buildSettings = {
				ASSETCATALOG_COMPILER_APPICON_NAME = AppIcon;
				ASSETCATALOG_COMPILER_GLOBAL_ACCENT_COLOR_NAME = AccentColor;
				CODE_SIGN_STYLE = Automatic;
				CURRENT_PROJECT_VERSION = 1;
				DEVELOPMENT_TEAM = CCCW4AN62Y;
				GENERATE_INFOPLIST_FILE = YES;
				INFOPLIST_FILE = FutStats/Info.plist;
				INFOPLIST_KEY_UIApplicationSupportsIndirectInputEvents = YES;
				INFOPLIST_KEY_UILaunchStoryboardName = LaunchScreen;
				INFOPLIST_KEY_UIMainStoryboardFile = Main;
				INFOPLIST_KEY_UISupportedInterfaceOrientations_iPad = "UIInterfaceOrientationPortrait UIInterfaceOrientationPortraitUpsideDown UIInterfaceOrientationLandscapeLeft UIInterfaceOrientationLandscapeRight";
				INFOPLIST_KEY_UISupportedInterfaceOrientations_iPhone = "UIInterfaceOrientationPortrait UIInterfaceOrientationLandscapeLeft UIInterfaceOrientationLandscapeRight";
				LD_RUNPATH_SEARCH_PATHS = (
					"$(inherited)",
					"@executable_path/Frameworks",
				);
				MARKETING_VERSION = 1.0;
				PRODUCT_BUNDLE_IDENTIFIER = com.halai.FutStats;
				PRODUCT_NAME = "$(TARGET_NAME)";
				SWIFT_EMIT_LOC_STRINGS = YES;
				SWIFT_VERSION = 5.0;
				TARGETED_DEVICE_FAMILY = "1,2";
			};
			name = Release;
		};
/* End XCBuildConfiguration section */

/* Begin XCConfigurationList section */
		12536AED298FB28A00BE9579 /* Build configuration list for PBXProject "FutStats" */ = {
			isa = XCConfigurationList;
			buildConfigurations = (
				12536B04298FB28E00BE9579 /* Debug */,
				12536B05298FB28E00BE9579 /* Release */,
			);
			defaultConfigurationIsVisible = 0;
			defaultConfigurationName = Release;
		};
		12536B06298FB28E00BE9579 /* Build configuration list for PBXNativeTarget "FutStats" */ = {
			isa = XCConfigurationList;
			buildConfigurations = (
				12536B07298FB28E00BE9579 /* Debug */,
				12536B08298FB28E00BE9579 /* Release */,
			);
			defaultConfigurationIsVisible = 0;
			defaultConfigurationName = Release;
		};
/* End XCConfigurationList section */

/* Begin XCRemoteSwiftPackageReference section */
		125C164129B535330026143B /* XCRemoteSwiftPackageReference "lottie-spm" */ = {
			isa = XCRemoteSwiftPackageReference;
			repositoryURL = "https://github.com/airbnb/lottie-spm.git";
			requirement = {
				kind = upToNextMajorVersion;
				minimumVersion = 4.0.0;
			};
		};
		12DE573229AF3E8E00A6330B /* XCRemoteSwiftPackageReference "SwiftyJSON" */ = {
			isa = XCRemoteSwiftPackageReference;
			repositoryURL = "https://github.com/SwiftyJSON/SwiftyJSON.git";
			requirement = {
				kind = upToNextMajorVersion;
				minimumVersion = 5.0.0;
			};
		};
/* End XCRemoteSwiftPackageReference section */

/* Begin XCSwiftPackageProductDependency section */
		125C164229B535330026143B /* Lottie */ = {
			isa = XCSwiftPackageProductDependency;
			package = 125C164129B535330026143B /* XCRemoteSwiftPackageReference "lottie-spm" */;
			productName = Lottie;
		};
		12DE573329AF3E8E00A6330B /* SwiftyJSON */ = {
			isa = XCSwiftPackageProductDependency;
			package = 12DE573229AF3E8E00A6330B /* XCRemoteSwiftPackageReference "SwiftyJSON" */;
			productName = SwiftyJSON;
		};
/* End XCSwiftPackageProductDependency section */
	};
	rootObject = 12536AEA298FB28A00BE9579 /* Project object */;
}
